
Microsoft Visual Studio Solution File, Format Version 12.00
# Visual Studio Version 17
VisualStudioVersion = 17.9.34714.143
MinimumVisualStudioVersion = 10.0.40219.1
Project("{FAE04EC0-301F-11D3-BF4B-00C04F79EFBC}") = "Ventas.Android", "Ventas\Ventas.Android\Ventas.Android.csproj", "{524BB2DF-F6F3-4865-B8FC-BC5FEA0F0AFE}"
EndProject
Project("{FAE04EC0-301F-11D3-BF4B-00C04F79EFBC}") = "Ventas.iOS", "Ventas\Ventas.iOS\Ventas.iOS.csproj", "{BB5BD6C2-4DBD-4C3E-B360-B53683DFDF0A}"
EndProject
Project("{FAE04EC0-301F-11D3-BF4B-00C04F79EFBC}") = "Ventas", "Ventas\Ventas\Ventas.csproj", "{F2F24970-CC31-4895-8599-823E479BBBF6}"
EndProject
Global
	GlobalSection(SolutionConfigurationPlatforms) = preSolution
		Debug|Any CPU = Debug|Any CPU
		Debug|iPhone = Debug|iPhone
		Debug|iPhoneSimulator = Debug|iPhoneSimulator
		Release|Any CPU = Release|Any CPU
		Release|iPhone = Release|iPhone
		Release|iPhoneSimulator = Release|iPhoneSimulator
	EndGlobalSection
	GlobalSection(ProjectConfigurationPlatforms) = postSolution
		{524BB2DF-F6F3-4865-B8FC-BC5FEA0F0AFE}.Debug|Any CPU.ActiveCfg = Debug|Any CPU
		{524BB2DF-F6F3-4865-B8FC-BC5FEA0F0AFE}.Debug|Any CPU.Build.0 = Debug|Any CPU
		{524BB2DF-F6F3-4865-B8FC-BC5FEA0F0AFE}.Debug|Any CPU.Deploy.0 = Debug|Any CPU
		{524BB2DF-F6F3-4865-B8FC-BC5FEA0F0AFE}.Debug|iPhone.ActiveCfg = Debug|Any CPU
		{524BB2DF-F6F3-4865-B8FC-BC5FEA0F0AFE}.Debug|iPhone.Build.0 = Debug|Any CPU
		{524BB2DF-F6F3-4865-B8FC-BC5FEA0F0AFE}.Debug|iPhone.Deploy.0 = Debug|Any CPU
		{524BB2DF-F6F3-4865-B8FC-BC5FEA0F0AFE}.Debug|iPhoneSimulator.ActiveCfg = Debug|Any CPU
		{524BB2DF-F6F3-4865-B8FC-BC5FEA0F0AFE}.Debug|iPhoneSimulator.Build.0 = Debug|Any CPU
		{524BB2DF-F6F3-4865-B8FC-BC5FEA0F0AFE}.Debug|iPhoneSimulator.Deploy.0 = Debug|Any CPU
		{524BB2DF-F6F3-4865-B8FC-BC5FEA0F0AFE}.Release|Any CPU.ActiveCfg = Release|Any CPU
		{524BB2DF-F6F3-4865-B8FC-BC5FEA0F0AFE}.Release|Any CPU.Build.0 = Release|Any CPU
		{524BB2DF-F6F3-4865-B8FC-BC5FEA0F0AFE}.Release|Any CPU.Deploy.0 = Release|Any CPU
		{524BB2DF-F6F3-4865-B8FC-BC5FEA0F0AFE}.Release|iPhone.ActiveCfg = Release|Any CPU
		{524BB2DF-F6F3-4865-B8FC-BC5FEA0F0AFE}.Release|iPhone.Build.0 = Release|Any CPU
		{524BB2DF-F6F3-4865-B8FC-BC5FEA0F0AFE}.Release|iPhone.Deploy.0 = Release|Any CPU
		{524BB2DF-F6F3-4865-B8FC-BC5FEA0F0AFE}.Release|iPhoneSimulator.ActiveCfg = Release|Any CPU
		{524BB2DF-F6F3-4865-B8FC-BC5FEA0F0AFE}.Release|iPhoneSimulator.Build.0 = Release|Any CPU
		{524BB2DF-F6F3-4865-B8FC-BC5FEA0F0AFE}.Release|iPhoneSimulator.Deploy.0 = Release|Any CPU
		{BB5BD6C2-4DBD-4C3E-B360-B53683DFDF0A}.Debug|Any CPU.ActiveCfg = Debug|iPhone
		{BB5BD6C2-4DBD-4C3E-B360-B53683DFDF0A}.Debug|Any CPU.Build.0 = Debug|iPhone
		{BB5BD6C2-4DBD-4C3E-B360-B53683DFDF0A}.Debug|Any CPU.Deploy.0 = Debug|iPhone
		{BB5BD6C2-4DBD-4C3E-B360-B53683DFDF0A}.Debug|iPhone.ActiveCfg = Debug|iPhone
		{BB5BD6C2-4DBD-4C3E-B360-B53683DFDF0A}.Debug|iPhone.Build.0 = Debug|iPhone
		{BB5BD6C2-4DBD-4C3E-B360-B53683DFDF0A}.Debug|iPhone.Deploy.0 = Debug|iPhone
		{BB5BD6C2-4DBD-4C3E-B360-B53683DFDF0A}.Debug|iPhoneSimulator.ActiveCfg = Debug|iPhoneSimulator
		{BB5BD6C2-4DBD-4C3E-B360-B53683DFDF0A}.Debug|iPhoneSimulator.Build.0 = Debug|iPhoneSimulator
		{BB5BD6C2-4DBD-4C3E-B360-B53683DFDF0A}.Debug|iPhoneSimulator.Deploy.0 = Debug|iPhoneSimulator
		{BB5BD6C2-4DBD-4C3E-B360-B53683DFDF0A}.Release|Any CPU.ActiveCfg = Release|iPhoneSimulator
		{BB5BD6C2-4DBD-4C3E-B360-B53683DFDF0A}.Release|Any CPU.Build.0 = Release|iPhoneSimulator
		{BB5BD6C2-4DBD-4C3E-B360-B53683DFDF0A}.Release|Any CPU.Deploy.0 = Release|iPhoneSimulator
		{BB5BD6C2-4DBD-4C3E-B360-B53683DFDF0A}.Release|iPhone.ActiveCfg = Release|iPhone
		{BB5BD6C2-4DBD-4C3E-B360-B53683DFDF0A}.Release|iPhone.Build.0 = Release|iPhone
		{BB5BD6C2-4DBD-4C3E-B360-B53683DFDF0A}.Release|iPhone.Deploy.0 = Release|iPhone
		{BB5BD6C2-4DBD-4C3E-B360-B53683DFDF0A}.Release|iPhoneSimulator.ActiveCfg = Release|iPhoneSimulator
		{BB5BD6C2-4DBD-4C3E-B360-B53683DFDF0A}.Release|iPhoneSimulator.Build.0 = Release|iPhoneSimulator
		{BB5BD6C2-4DBD-4C3E-B360-B53683DFDF0A}.Release|iPhoneSimulator.Deploy.0 = Release|iPhoneSimulator
		{F2F24970-CC31-4895-8599-823E479BBBF6}.Debug|Any CPU.ActiveCfg = Debug|Any CPU
		{F2F24970-CC31-4895-8599-823E479BBBF6}.Debug|Any CPU.Build.0 = Debug|Any CPU
		{F2F24970-CC31-4895-8599-823E479BBBF6}.Debug|Any CPU.Deploy.0 = Debug|Any CPU
		{F2F24970-CC31-4895-8599-823E479BBBF6}.Debug|iPhone.ActiveCfg = Debug|Any CPU
		{F2F24970-CC31-4895-8599-823E479BBBF6}.Debug|iPhone.Build.0 = Debug|Any CPU
		{F2F24970-CC31-4895-8599-823E479BBBF6}.Debug|iPhone.Deploy.0 = Debug|Any CPU
		{F2F24970-CC31-4895-8599-823E479BBBF6}.Debug|iPhoneSimulator.ActiveCfg = Debug|Any CPU
		{F2F24970-CC31-4895-8599-823E479BBBF6}.Debug|iPhoneSimulator.Build.0 = Debug|Any CPU
		{F2F24970-CC31-4895-8599-823E479BBBF6}.Debug|iPhoneSimulator.Deploy.0 = Debug|Any CPU
		{F2F24970-CC31-4895-8599-823E479BBBF6}.Release|Any CPU.ActiveCfg = Release|Any CPU
		{F2F24970-CC31-4895-8599-823E479BBBF6}.Release|Any CPU.Build.0 = Release|Any CPU
		{F2F24970-CC31-4895-8599-823E479BBBF6}.Release|Any CPU.Deploy.0 = Release|Any CPU
		{F2F24970-CC31-4895-8599-823E479BBBF6}.Release|iPhone.ActiveCfg = Release|Any CPU
		{F2F24970-CC31-4895-8599-823E479BBBF6}.Release|iPhone.Build.0 = Release|Any CPU
		{F2F24970-CC31-4895-8599-823E479BBBF6}.Release|iPhone.Deploy.0 = Release|Any CPU
		{F2F24970-CC31-4895-8599-823E479BBBF6}.Release|iPhoneSimulator.ActiveCfg = Release|Any CPU
		{F2F24970-CC31-4895-8599-823E479BBBF6}.Release|iPhoneSimulator.Build.0 = Release|Any CPU
		{F2F24970-CC31-4895-8599-823E479BBBF6}.Release|iPhoneSimulator.Deploy.0 = Release|Any CPU
	EndGlobalSection
	GlobalSection(SolutionProperties) = preSolution
		HideSolutionNode = FALSE
	EndGlobalSection
	GlobalSection(ExtensibilityGlobals) = postSolution
		SolutionGuid = {64F9FD9F-AFA1-4614-A772-6BB584165299}
	EndGlobalSection
EndGlobal
